
Microsoft Visual Studio Solution File, Format Version 10.00
# Visual Studio 2008
# SharpDevelop 3.2.1.6466
Project("{FAE04EC0-301F-11D3-BF4B-00C04F79EFBC}") = "kiosBunga", "kiosBunga\kiosBunga.csproj", "{0AF11B71-6129-4041-91FB-D3C3F7D43E8E}"
EndProject
Global
	GlobalSection(SolutionConfigurationPlatforms) = preSolution
		Debug|x86 = Debug|x86
		Release|x86 = Release|x86
	EndGlobalSection
	GlobalSection(ProjectConfigurationPlatforms) = postSolution
		{0AF11B71-6129-4041-91FB-D3C3F7D43E8E}.Debug|x86.Build.0 = Debug|x86
		{0AF11B71-6129-4041-91FB-D3C3F7D43E8E}.Debug|x86.ActiveCfg = Debug|x86
		{0AF11B71-6129-4041-91FB-D3C3F7D43E8E}.Release|x86.Build.0 = Release|x86
		{0AF11B71-6129-4041-91FB-D3C3F7D43E8E}.Release|x86.ActiveCfg = Release|x86
	EndGlobalSection
EndGlobal
